{"version":4,"terraform_version":"1.10.7","serial":9,"lineage":"0bc8e627-c0f8-4ad8-6b6f-6120239419b1","outputs":{},"resources":[{"module":"module.homepage","mode":"managed","type":"docker_container","name":"homepage","provider":"provider[\"registry.opentofu.org/kreuzwerker/docker\"]","instances":[{"schema_version":2,"attributes":{"attach":false,"bridge":"","capabilities":[],"cgroup_parent":null,"cgroupns_mode":null,"command":["node","server.js"],"container_logs":null,"container_read_refresh_timeout_milliseconds":15000,"cpu_period":null,"cpu_quota":null,"cpu_set":"","cpu_shares":0,"cpus":null,"destroy_grace_seconds":null,"devices":[],"dns":null,"dns_opts":null,"dns_search":null,"domainname":"","entrypoint":["docker-entrypoint.sh"],"env":["HOMEPAGE_ALLOWED_HOSTS=gethomepage.dev"],"exit_code":null,"gpus":null,"group_add":null,"healthcheck":[{"interval":"10s","retries":0,"start_interval":"0s","start_period":"20s","test":["CMD-SHELL","wget --no-verbose --tries=1 --spider http://127.0.0.1:$PORT/api/healthcheck || exit 1"],"timeout":"3s"}],"host":[],"hostname":"69f350ce608d","id":"69f350ce608df308a397a4665812c366b5d8f41f5798ae29c241cce980e465a2","image":"sha256:b6ac42c31845ea7c862d71451c16413a6284430d8ff08e16ad791f42718a7c71","init":false,"ipc_mode":"private","labels":[],"log_driver":"json-file","log_opts":null,"logs":false,"max_retry_count":0,"memory":0,"memory_reservation":0,"memory_swap":0,"mounts":[],"must_run":true,"name":"homepage","network_data":[{"gateway":"172.17.0.1","global_ipv6_address":"","global_ipv6_prefix_length":0,"ip_address":"172.17.0.2","ip_prefix_length":16,"ipv6_gateway":"","mac_address":"6a:9f:b1:97:53:22","network_name":"bridge"}],"network_mode":"bridge","networks_advanced":[],"pid_mode":"","ports":[{"external":3000,"internal":3000,"ip":"0.0.0.0","protocol":"tcp"}],"privileged":false,"publish_all_ports":false,"read_only":false,"remove_volumes":true,"restart":"no","rm":false,"runtime":"runc","security_opts":[],"shm_size":64,"start":true,"stdin_open":false,"stop_signal":"","stop_timeout":0,"storage_opts":null,"sysctls":null,"tmpfs":null,"tty":false,"ulimit":[],"upload":[],"user":"root","userns_mode":"","volumes":[{"container_path":"/app/config","from_container":"","host_path":"/home/ryan/Personal-Scripts/services/Homepage/config","read_only":null,"volume_name":""},{"container_path":"/var/run/docker.sock","from_container":"","host_path":"/var/run/docker.sock","read_only":null,"volume_name":""}],"wait":false,"wait_timeout":60,"working_dir":"/app"},"sensitive_attributes":[],"private":"eyJzY2hlbWFfdmVyc2lvbiI6IjIifQ==","dependencies":["module.homepage.docker_image.homepage"]}]},{"module":"module.homepage","mode":"managed","type":"docker_image","name":"homepage","provider":"provider[\"registry.opentofu.org/kreuzwerker/docker\"]","instances":[{"schema_version":0,"attributes":{"build":[],"force_remove":null,"id":"sha256:b6ac42c31845ea7c862d71451c16413a6284430d8ff08e16ad791f42718a7c71ghcr.io/gethomepage/homepage:latest","image_id":"sha256:b6ac42c31845ea7c862d71451c16413a6284430d8ff08e16ad791f42718a7c71","keep_locally":false,"name":"ghcr.io/gethomepage/homepage:latest","platform":null,"pull_triggers":null,"repo_digest":"ghcr.io/gethomepage/homepage@sha256:b6ac42c31845ea7c862d71451c16413a6284430d8ff08e16ad791f42718a7c71","timeouts":null,"triggers":null},"sensitive_attributes":[],"private":"eyJlMmJmYjczMC1lY2FhLTExZTYtOGY4OC0zNDM2M2JjN2M0YzAiOnsiY3JlYXRlIjoxMjAwMDAwMDAwMDAwLCJkZWxldGUiOjEyMDAwMDAwMDAwMDAsInVwZGF0ZSI6MTIwMDAwMDAwMDAwMH19"}]}],"check_results":null}
